// !$*UTF8*$!
{
	archiveVersion = 1;
	classes = {
	};
	objectVersion = 52;
	objects = {

/* Begin PBXBuildFile section */
		2F1600D426EF6C9A00B6116A /* UILabel+Utils.swift in Sources */ = {isa = PBXBuildFile; fileRef = 2F1600D326EF6C9A00B6116A /* UILabel+Utils.swift */; };
		2F1600EB26EF73D400B6116A /* FBSnapshotTestCase in Frameworks */ = {isa = PBXBuildFile; productRef = 2F1600EA26EF73D400B6116A /* FBSnapshotTestCase */; };
		2F1600EC26EF73D400B6116A /* FBSnapshotTestCase in Embed Frameworks */ = {isa = PBXBuildFile; productRef = 2F1600EA26EF73D400B6116A /* FBSnapshotTestCase */; settings = {ATTRIBUTES = (CodeSignOnCopy, ); }; };
		2F83439526E55B7300C9F789 /* AppDelegate.swift in Sources */ = {isa = PBXBuildFile; fileRef = 2F83439426E55B7300C9F789 /* AppDelegate.swift */; };
		2F83439926E55B7300C9F789 /* ViewController.swift in Sources */ = {isa = PBXBuildFile; fileRef = 2F83439826E55B7300C9F789 /* ViewController.swift */; };
		2F83439E26E55B7700C9F789 /* Assets.xcassets in Resources */ = {isa = PBXBuildFile; fileRef = 2F83439D26E55B7700C9F789 /* Assets.xcassets */; };
		2F8343A126E55B7700C9F789 /* LaunchScreen.storyboard in Resources */ = {isa = PBXBuildFile; fileRef = 2F83439F26E55B7700C9F789 /* LaunchScreen.storyboard */; };
		2F8343AA26E55C2A00C9F789 /* UIView+Utils.swift in Sources */ = {isa = PBXBuildFile; fileRef = 2F8343A926E55C2A00C9F789 /* UIView+Utils.swift */; };
		2F8343B926E644BE00C9F789 /* UserPreferences.swift in Sources */ = {isa = PBXBuildFile; fileRef = 2F8343B826E644BE00C9F789 /* UserPreferences.swift */; };
		2FCFC2CA26EF744600779E42 /* ScalableSnapshotsTestCase.swift in Sources */ = {isa = PBXBuildFile; fileRef = 2FCFC2C926EF744600779E42 /* ScalableSnapshotsTestCase.swift */; };
		2FF49C5E26EF831100F72A7E /* ViewControllerTests.swift in Sources */ = {isa = PBXBuildFile; fileRef = 2FF49C5D26EF831100F72A7E /* ViewControllerTests.swift */; };
/* End PBXBuildFile section */

/* Begin PBXContainerItemProxy section */
		2F1600E426EF739000B6116A /* PBXContainerItemProxy */ = {
			isa = PBXContainerItemProxy;
			containerPortal = 2F83438926E55B7300C9F789 /* Project object */;
			proxyType = 1;
			remoteGlobalIDString = 2F83439026E55B7300C9F789;
			remoteInfo = PreferredContentSizeStudies;
		};
/* End PBXContainerItemProxy section */

/* Begin PBXCopyFilesBuildPhase section */
		2F1600ED26EF73D400B6116A /* Embed Frameworks */ = {
			isa = PBXCopyFilesBuildPhase;
			buildActionMask = 2147483647;
			dstPath = "";
			dstSubfolderSpec = 10;
			files = (
				2F1600EC26EF73D400B6116A /* FBSnapshotTestCase in Embed Frameworks */,
			);
			name = "Embed Frameworks";
			runOnlyForDeploymentPostprocessing = 0;
		};
/* End PBXCopyFilesBuildPhase section */

/* Begin PBXFileReference section */
		2F1600D326EF6C9A00B6116A /* UILabel+Utils.swift */ = {isa = PBXFileReference; lastKnownFileType = sourcecode.swift; path = "UILabel+Utils.swift"; sourceTree = "<group>"; };
		2F1600DF26EF739000B6116A /* PreferredContentSizeStudiesTests.xctest */ = {isa = PBXFileReference; explicitFileType = wrapper.cfbundle; includeInIndex = 0; path = PreferredContentSizeStudiesTests.xctest; sourceTree = BUILT_PRODUCTS_DIR; };
		2F1600E326EF739000B6116A /* Info.plist */ = {isa = PBXFileReference; lastKnownFileType = text.plist.xml; path = Info.plist; sourceTree = "<group>"; };
		2F83439126E55B7300C9F789 /* PreferredContentSizeStudies.app */ = {isa = PBXFileReference; explicitFileType = wrapper.application; includeInIndex = 0; path = PreferredContentSizeStudies.app; sourceTree = BUILT_PRODUCTS_DIR; };
		2F83439426E55B7300C9F789 /* AppDelegate.swift */ = {isa = PBXFileReference; lastKnownFileType = sourcecode.swift; path = AppDelegate.swift; sourceTree = "<group>"; };
		2F83439826E55B7300C9F789 /* ViewController.swift */ = {isa = PBXFileReference; lastKnownFileType = sourcecode.swift; path = ViewController.swift; sourceTree = "<group>"; };
		2F83439D26E55B7700C9F789 /* Assets.xcassets */ = {isa = PBXFileReference; lastKnownFileType = folder.assetcatalog; path = Assets.xcassets; sourceTree = "<group>"; };
		2F8343A026E55B7700C9F789 /* Base */ = {isa = PBXFileReference; lastKnownFileType = file.storyboard; name = Base; path = Base.lproj/LaunchScreen.storyboard; sourceTree = "<group>"; };
		2F8343A226E55B7700C9F789 /* Info.plist */ = {isa = PBXFileReference; lastKnownFileType = text.plist.xml; path = Info.plist; sourceTree = "<group>"; };
		2F8343A926E55C2A00C9F789 /* UIView+Utils.swift */ = {isa = PBXFileReference; lastKnownFileType = sourcecode.swift; path = "UIView+Utils.swift"; sourceTree = "<group>"; };
		2F8343B826E644BE00C9F789 /* UserPreferences.swift */ = {isa = PBXFileReference; lastKnownFileType = sourcecode.swift; path = UserPreferences.swift; sourceTree = "<group>"; };
		2FCFC2C826EF744500779E42 /* PreferredContentSizeStudiesTests-Bridging-Header.h */ = {isa = PBXFileReference; lastKnownFileType = sourcecode.c.h; path = "PreferredContentSizeStudiesTests-Bridging-Header.h"; sourceTree = "<group>"; };
		2FCFC2C926EF744600779E42 /* ScalableSnapshotsTestCase.swift */ = {isa = PBXFileReference; lastKnownFileType = sourcecode.swift; path = ScalableSnapshotsTestCase.swift; sourceTree = "<group>"; };
		2FF49C5D26EF831100F72A7E /* ViewControllerTests.swift */ = {isa = PBXFileReference; lastKnownFileType = sourcecode.swift; path = ViewControllerTests.swift; sourceTree = "<group>"; };
/* End PBXFileReference section */

/* Begin PBXFrameworksBuildPhase section */
		2F1600DC26EF739000B6116A /* Frameworks */ = {
			isa = PBXFrameworksBuildPhase;
			buildActionMask = 2147483647;
			files = (
				2F1600EB26EF73D400B6116A /* FBSnapshotTestCase in Frameworks */,
			);
			runOnlyForDeploymentPostprocessing = 0;
		};
		2F83438E26E55B7300C9F789 /* Frameworks */ = {
			isa = PBXFrameworksBuildPhase;
			buildActionMask = 2147483647;
			files = (
			);
			runOnlyForDeploymentPostprocessing = 0;
		};
/* End PBXFrameworksBuildPhase section */

/* Begin PBXGroup section */
		2F1600E026EF739000B6116A /* PreferredContentSizeStudiesTests */ = {
			isa = PBXGroup;
			children = (
				2F1600E326EF739000B6116A /* Info.plist */,
				2FCFC2C926EF744600779E42 /* ScalableSnapshotsTestCase.swift */,
				2FCFC2C826EF744500779E42 /* PreferredContentSizeStudiesTests-Bridging-Header.h */,
				2FF49C5D26EF831100F72A7E /* ViewControllerTests.swift */,
			);
			path = PreferredContentSizeStudiesTests;
			sourceTree = "<group>";
		};
		2F83438826E55B7300C9F789 = {
			isa = PBXGroup;
			children = (
				2F83439326E55B7300C9F789 /* PreferredContentSizeStudies */,
				2F1600E026EF739000B6116A /* PreferredContentSizeStudiesTests */,
				2F83439226E55B7300C9F789 /* Products */,
			);
			sourceTree = "<group>";
		};
		2F83439226E55B7300C9F789 /* Products */ = {
			isa = PBXGroup;
			children = (
				2F83439126E55B7300C9F789 /* PreferredContentSizeStudies.app */,
				2F1600DF26EF739000B6116A /* PreferredContentSizeStudiesTests.xctest */,
			);
			name = Products;
			sourceTree = "<group>";
		};
		2F83439326E55B7300C9F789 /* PreferredContentSizeStudies */ = {
			isa = PBXGroup;
			children = (
				2F8343B726E644B100C9F789 /* Utils */,
				2F8343A826E55BFA00C9F789 /* Extensions */,
				2F83439426E55B7300C9F789 /* AppDelegate.swift */,
				2F83439826E55B7300C9F789 /* ViewController.swift */,
				2F83439D26E55B7700C9F789 /* Assets.xcassets */,
				2F83439F26E55B7700C9F789 /* LaunchScreen.storyboard */,
				2F8343A226E55B7700C9F789 /* Info.plist */,
			);
			path = PreferredContentSizeStudies;
			sourceTree = "<group>";
		};
		2F8343A826E55BFA00C9F789 /* Extensions */ = {
			isa = PBXGroup;
			children = (
				2F8343A926E55C2A00C9F789 /* UIView+Utils.swift */,
				2F1600D326EF6C9A00B6116A /* UILabel+Utils.swift */,
			);
			path = Extensions;
			sourceTree = "<group>";
		};
		2F8343B726E644B100C9F789 /* Utils */ = {
			isa = PBXGroup;
			children = (
				2F8343B826E644BE00C9F789 /* UserPreferences.swift */,
			);
			path = Utils;
			sourceTree = "<group>";
		};
/* End PBXGroup section */

/* Begin PBXNativeTarget section */
		2F1600DE26EF739000B6116A /* PreferredContentSizeStudiesTests */ = {
			isa = PBXNativeTarget;
			buildConfigurationList = 2F1600E626EF739000B6116A /* Build configuration list for PBXNativeTarget "PreferredContentSizeStudiesTests" */;
			buildPhases = (
				2F1600DB26EF739000B6116A /* Sources */,
				2F1600DC26EF739000B6116A /* Frameworks */,
				2F1600DD26EF739000B6116A /* Resources */,
				2F1600ED26EF73D400B6116A /* Embed Frameworks */,
			);
			buildRules = (
			);
			dependencies = (
				2F1600E526EF739000B6116A /* PBXTargetDependency */,
			);
			name = PreferredContentSizeStudiesTests;
			packageProductDependencies = (
				2F1600EA26EF73D400B6116A /* FBSnapshotTestCase */,
			);
			productName = PreferredContentSizeStudiesTests;
			productReference = 2F1600DF26EF739000B6116A /* PreferredContentSizeStudiesTests.xctest */;
			productType = "com.apple.product-type.bundle.unit-test";
		};
		2F83439026E55B7300C9F789 /* PreferredContentSizeStudies */ = {
			isa = PBXNativeTarget;
			buildConfigurationList = 2F8343A526E55B7700C9F789 /* Build configuration list for PBXNativeTarget "PreferredContentSizeStudies" */;
			buildPhases = (
				2F83438D26E55B7300C9F789 /* Sources */,
				2F83438E26E55B7300C9F789 /* Frameworks */,
				2F83438F26E55B7300C9F789 /* Resources */,
			);
			buildRules = (
			);
			dependencies = (
			);
			name = PreferredContentSizeStudies;
			productName = PreferredContentSizeStudies;
			productReference = 2F83439126E55B7300C9F789 /* PreferredContentSizeStudies.app */;
			productType = "com.apple.product-type.application";
		};
/* End PBXNativeTarget section */

/* Begin PBXProject section */
		2F83438926E55B7300C9F789 /* Project object */ = {
			isa = PBXProject;
			attributes = {
				LastSwiftUpdateCheck = 1250;
				LastUpgradeCheck = 1250;
				TargetAttributes = {
					2F1600DE26EF739000B6116A = {
						CreatedOnToolsVersion = 12.5.1;
						LastSwiftMigration = 1250;
						TestTargetID = 2F83439026E55B7300C9F789;
					};
					2F83439026E55B7300C9F789 = {
						CreatedOnToolsVersion = 12.5.1;
					};
				};
			};
			buildConfigurationList = 2F83438C26E55B7300C9F789 /* Build configuration list for PBXProject "PreferredContentSizeStudies" */;
			compatibilityVersion = "Xcode 9.3";
			developmentRegion = en;
			hasScannedForEncodings = 0;
			knownRegions = (
				en,
				Base,
			);
			mainGroup = 2F83438826E55B7300C9F789;
			packageReferences = (
				2F1600E926EF73D400B6116A /* XCRemoteSwiftPackageReference "ios-snapshot-test-case" */,
			);
			productRefGroup = 2F83439226E55B7300C9F789 /* Products */;
			projectDirPath = "";
			projectRoot = "";
			targets = (
				2F83439026E55B7300C9F789 /* PreferredContentSizeStudies */,
				2F1600DE26EF739000B6116A /* PreferredContentSizeStudiesTests */,
			);
		};
/* End PBXProject section */

/* Begin PBXResourcesBuildPhase section */
		2F1600DD26EF739000B6116A /* Resources */ = {
			isa = PBXResourcesBuildPhase;
			buildActionMask = 2147483647;
			files = (
			);
			runOnlyForDeploymentPostprocessing = 0;
		};
		2F83438F26E55B7300C9F789 /* Resources */ = {
			isa = PBXResourcesBuildPhase;
			buildActionMask = 2147483647;
			files = (
				2F8343A126E55B7700C9F789 /* LaunchScreen.storyboard in Resources */,
				2F83439E26E55B7700C9F789 /* Assets.xcassets in Resources */,
			);
			runOnlyForDeploymentPostprocessing = 0;
		};
/* End PBXResourcesBuildPhase section */

/* Begin PBXSourcesBuildPhase section */
		2F1600DB26EF739000B6116A /* Sources */ = {
			isa = PBXSourcesBuildPhase;
			buildActionMask = 2147483647;
			files = (
				2FF49C5E26EF831100F72A7E /* ViewControllerTests.swift in Sources */,
				2FCFC2CA26EF744600779E42 /* ScalableSnapshotsTestCase.swift in Sources */,
			);
			runOnlyForDeploymentPostprocessing = 0;
		};
		2F83438D26E55B7300C9F789 /* Sources */ = {
			isa = PBXSourcesBuildPhase;
			buildActionMask = 2147483647;
			files = (
				2F83439926E55B7300C9F789 /* ViewController.swift in Sources */,
				2F1600D426EF6C9A00B6116A /* UILabel+Utils.swift in Sources */,
				2F8343B926E644BE00C9F789 /* UserPreferences.swift in Sources */,
				2F8343AA26E55C2A00C9F789 /* UIView+Utils.swift in Sources */,
				2F83439526E55B7300C9F789 /* AppDelegate.swift in Sources */,
			);
			runOnlyForDeploymentPostprocessing = 0;
		};
/* End PBXSourcesBuildPhase section */

/* Begin PBXTargetDependency section */
		2F1600E526EF739000B6116A /* PBXTargetDependency */ = {
			isa = PBXTargetDependency;
			target = 2F83439026E55B7300C9F789 /* PreferredContentSizeStudies */;
			targetProxy = 2F1600E426EF739000B6116A /* PBXContainerItemProxy */;
		};
/* End PBXTargetDependency section */

/* Begin PBXVariantGroup section */
		2F83439F26E55B7700C9F789 /* LaunchScreen.storyboard */ = {
			isa = PBXVariantGroup;
			children = (
				2F8343A026E55B7700C9F789 /* Base */,
			);
			name = LaunchScreen.storyboard;
			sourceTree = "<group>";
		};
/* End PBXVariantGroup section */

/* Begin XCBuildConfiguration section */
		2F1600E726EF739000B6116A /* Debug */ = {
			isa = XCBuildConfiguration;
			buildSettings = {
				BUNDLE_LOADER = "$(TEST_HOST)";
				CLANG_ENABLE_MODULES = YES;
				CODE_SIGN_STYLE = Automatic;
				INFOPLIST_FILE = PreferredContentSizeStudiesTests/Info.plist;
				LD_RUNPATH_SEARCH_PATHS = (
					"$(inherited)",
					"@executable_path/Frameworks",
					"@loader_path/Frameworks",
				);
				PRODUCT_BUNDLE_IDENTIFIER = heaven.PreferredContentSizeStudiesTests;
				PRODUCT_NAME = "$(TARGET_NAME)";
				SWIFT_OBJC_BRIDGING_HEADER = "PreferredContentSizeStudiesTests/PreferredContentSizeStudiesTests-Bridging-Header.h";
				SWIFT_OPTIMIZATION_LEVEL = "-Onone";
				SWIFT_VERSION = 5.0;
				TARGETED_DEVICE_FAMILY = "1,2";
				TEST_HOST = "$(BUILT_PRODUCTS_DIR)/PreferredContentSizeStudies.app/PreferredContentSizeStudies";
			};
			name = Debug;
		};
		2F1600E826EF739000B6116A /* Release */ = {
			isa = XCBuildConfiguration;
			buildSettings = {
				BUNDLE_LOADER = "$(TEST_HOST)";
				CLANG_ENABLE_MODULES = YES;
				CODE_SIGN_STYLE = Automatic;
				INFOPLIST_FILE = PreferredContentSizeStudiesTests/Info.plist;
				LD_RUNPATH_SEARCH_PATHS = (
					"$(inherited)",
					"@executable_path/Frameworks",
					"@loader_path/Frameworks",
				);
				PRODUCT_BUNDLE_IDENTIFIER = heaven.PreferredContentSizeStudiesTests;
				PRODUCT_NAME = "$(TARGET_NAME)";
				SWIFT_OBJC_BRIDGING_HEADER = "PreferredContentSizeStudiesTests/PreferredContentSizeStudiesTests-Bridging-Header.h";
				SWIFT_VERSION = 5.0;
				TARGETED_DEVICE_FAMILY = "1,2";
				TEST_HOST = "$(BUILT_PRODUCTS_DIR)/PreferredContentSizeStudies.app/PreferredContentSizeStudies";
			};
			name = Release;
		};
		2F8343A326E55B7700C9F789 /* Debug */ = {
			isa = XCBuildConfiguration;
			buildSettings = {
				ALWAYS_SEARCH_USER_PATHS = NO;
				CLANG_ANALYZER_NONNULL = YES;
				CLANG_ANALYZER_NUMBER_OBJECT_CONVERSION = YES_AGGRESSIVE;
				CLANG_CXX_LANGUAGE_STANDARD = "gnu++14";
				CLANG_CXX_LIBRARY = "libc++";
				CLANG_ENABLE_MODULES = YES;
				CLANG_ENABLE_OBJC_ARC = YES;
				CLANG_ENABLE_OBJC_WEAK = YES;
				CLANG_WARN_BLOCK_CAPTURE_AUTORELEASING = YES;
				CLANG_WARN_BOOL_CONVERSION = YES;
				CLANG_WARN_COMMA = YES;
				CLANG_WARN_CONSTANT_CONVERSION = YES;
				CLANG_WARN_DEPRECATED_OBJC_IMPLEMENTATIONS = YES;
				CLANG_WARN_DIRECT_OBJC_ISA_USAGE = YES_ERROR;
				CLANG_WARN_DOCUMENTATION_COMMENTS = YES;
				CLANG_WARN_EMPTY_BODY = YES;
				CLANG_WARN_ENUM_CONVERSION = YES;
				CLANG_WARN_INFINITE_RECURSION = YES;
				CLANG_WARN_INT_CONVERSION = YES;
				CLANG_WARN_NON_LITERAL_NULL_CONVERSION = YES;
				CLANG_WARN_OBJC_IMPLICIT_RETAIN_SELF = YES;
				CLANG_WARN_OBJC_LITERAL_CONVERSION = YES;
				CLANG_WARN_OBJC_ROOT_CLASS = YES_ERROR;
				CLANG_WARN_QUOTED_INCLUDE_IN_FRAMEWORK_HEADER = YES;
				CLANG_WARN_RANGE_LOOP_ANALYSIS = YES;
				CLANG_WARN_STRICT_PROTOTYPES = YES;
				CLANG_WARN_SUSPICIOUS_MOVE = YES;
				CLANG_WARN_UNGUARDED_AVAILABILITY = YES_AGGRESSIVE;
				CLANG_WARN_UNREACHABLE_CODE = YES;
				CLANG_WARN__DUPLICATE_METHOD_MATCH = YES;
				COPY_PHASE_STRIP = NO;
				DEBUG_INFORMATION_FORMAT = dwarf;
				ENABLE_STRICT_OBJC_MSGSEND = YES;
				ENABLE_TESTABILITY = YES;
				GCC_C_LANGUAGE_STANDARD = gnu11;
				GCC_DYNAMIC_NO_PIC = NO;
				GCC_NO_COMMON_BLOCKS = YES;
				GCC_OPTIMIZATION_LEVEL = 0;
				GCC_PREPROCESSOR_DEFINITIONS = (
					"DEBUG=1",
					"$(inherited)",
				);
				GCC_WARN_64_TO_32_BIT_CONVERSION = YES;
				GCC_WARN_ABOUT_RETURN_TYPE = YES_ERROR;
				GCC_WARN_UNDECLARED_SELECTOR = YES;
				GCC_WARN_UNINITIALIZED_AUTOS = YES_AGGRESSIVE;
				GCC_WARN_UNUSED_FUNCTION = YES;
				GCC_WARN_UNUSED_VARIABLE = YES;
				IPHONEOS_DEPLOYMENT_TARGET = 14.5;
				MTL_ENABLE_DEBUG_INFO = INCLUDE_SOURCE;
				MTL_FAST_MATH = YES;
				ONLY_ACTIVE_ARCH = YES;
				SDKROOT = iphoneos;
				SWIFT_ACTIVE_COMPILATION_CONDITIONS = DEBUG;
				SWIFT_OPTIMIZATION_LEVEL = "-Onone";
			};
			name = Debug;
		};
		2F8343A426E55B7700C9F789 /* Release */ = {
			isa = XCBuildConfiguration;
			buildSettings = {
				ALWAYS_SEARCH_USER_PATHS = NO;
				CLANG_ANALYZER_NONNULL = YES;
				CLANG_ANALYZER_NUMBER_OBJECT_CONVERSION = YES_AGGRESSIVE;
				CLANG_CXX_LANGUAGE_STANDARD = "gnu++14";
				CLANG_CXX_LIBRARY = "libc++";
				CLANG_ENABLE_MODULES = YES;
				CLANG_ENABLE_OBJC_ARC = YES;
				CLANG_ENABLE_OBJC_WEAK = YES;
				CLANG_WARN_BLOCK_CAPTURE_AUTORELEASING = YES;
				CLANG_WARN_BOOL_CONVERSION = YES;
				CLANG_WARN_COMMA = YES;
				CLANG_WARN_CONSTANT_CONVERSION = YES;
				CLANG_WARN_DEPRECATED_OBJC_IMPLEMENTATIONS = YES;
				CLANG_WARN_DIRECT_OBJC_ISA_USAGE = YES_ERROR;
				CLANG_WARN_DOCUMENTATION_COMMENTS = YES;
				CLANG_WARN_EMPTY_BODY = YES;
				CLANG_WARN_ENUM_CONVERSION = YES;
				CLANG_WARN_INFINITE_RECURSION = YES;
				CLANG_WARN_INT_CONVERSION = YES;
				CLANG_WARN_NON_LITERAL_NULL_CONVERSION = YES;
				CLANG_WARN_OBJC_IMPLICIT_RETAIN_SELF = YES;
				CLANG_WARN_OBJC_LITERAL_CONVERSION = YES;
				CLANG_WARN_OBJC_ROOT_CLASS = YES_ERROR;
				CLANG_WARN_QUOTED_INCLUDE_IN_FRAMEWORK_HEADER = YES;
				CLANG_WARN_RANGE_LOOP_ANALYSIS = YES;
				CLANG_WARN_STRICT_PROTOTYPES = YES;
				CLANG_WARN_SUSPICIOUS_MOVE = YES;
				CLANG_WARN_UNGUARDED_AVAILABILITY = YES_AGGRESSIVE;
				CLANG_WARN_UNREACHABLE_CODE = YES;
				CLANG_WARN__DUPLICATE_METHOD_MATCH = YES;
				COPY_PHASE_STRIP = NO;
				DEBUG_INFORMATION_FORMAT = "dwarf-with-dsym";
				ENABLE_NS_ASSERTIONS = NO;
				ENABLE_STRICT_OBJC_MSGSEND = YES;
				GCC_C_LANGUAGE_STANDARD = gnu11;
				GCC_NO_COMMON_BLOCKS = YES;
				GCC_WARN_64_TO_32_BIT_CONVERSION = YES;
				GCC_WARN_ABOUT_RETURN_TYPE = YES_ERROR;
				GCC_WARN_UNDECLARED_SELECTOR = YES;
				GCC_WARN_UNINITIALIZED_AUTOS = YES_AGGRESSIVE;
				GCC_WARN_UNUSED_FUNCTION = YES;
				GCC_WARN_UNUSED_VARIABLE = YES;
				IPHONEOS_DEPLOYMENT_TARGET = 14.5;
				MTL_ENABLE_DEBUG_INFO = NO;
				MTL_FAST_MATH = YES;
				SDKROOT = iphoneos;
				SWIFT_COMPILATION_MODE = wholemodule;
				SWIFT_OPTIMIZATION_LEVEL = "-O";
				VALIDATE_PRODUCT = YES;
			};
			name = Release;
		};
		2F8343A626E55B7700C9F789 /* Debug */ = {
			isa = XCBuildConfiguration;
			buildSettings = {
				ASSETCATALOG_COMPILER_APPICON_NAME = AppIcon;
				ASSETCATALOG_COMPILER_GLOBAL_ACCENT_COLOR_NAME = AccentColor;
				CODE_SIGN_STYLE = Automatic;
				INFOPLIST_FILE = PreferredContentSizeStudies/Info.plist;
				LD_RUNPATH_SEARCH_PATHS = (
					"$(inherited)",
					"@executable_path/Frameworks",
				);
				PRODUCT_BUNDLE_IDENTIFIER = heaven.PreferredContentSizeStudies;
				PRODUCT_NAME = "$(TARGET_NAME)";
				SWIFT_VERSION = 5.0;
				TARGETED_DEVICE_FAMILY = "1,2";
			};
			name = Debug;
		};
		2F8343A726E55B7700C9F789 /* Release */ = {
			isa = XCBuildConfiguration;
			buildSettings = {
				ASSETCATALOG_COMPILER_APPICON_NAME = AppIcon;
				ASSETCATALOG_COMPILER_GLOBAL_ACCENT_COLOR_NAME = AccentColor;
				CODE_SIGN_STYLE = Automatic;
				INFOPLIST_FILE = PreferredContentSizeStudies/Info.plist;
				LD_RUNPATH_SEARCH_PATHS = (
					"$(inherited)",
					"@executable_path/Frameworks",
				);
				PRODUCT_BUNDLE_IDENTIFIER = heaven.PreferredContentSizeStudies;
				PRODUCT_NAME = "$(TARGET_NAME)";
				SWIFT_VERSION = 5.0;
				TARGETED_DEVICE_FAMILY = "1,2";
			};
			name = Release;
		};
/* End XCBuildConfiguration section */

/* Begin XCConfigurationList section */
		2F1600E626EF739000B6116A /* Build configuration list for PBXNativeTarget "PreferredContentSizeStudiesTests" */ = {
			isa = XCConfigurationList;
			buildConfigurations = (
				2F1600E726EF739000B6116A /* Debug */,
				2F1600E826EF739000B6116A /* Release */,
			);
			defaultConfigurationIsVisible = 0;
			defaultConfigurationName = Release;
		};
		2F83438C26E55B7300C9F789 /* Build configuration list for PBXProject "PreferredContentSizeStudies" */ = {
			isa = XCConfigurationList;
			buildConfigurations = (
				2F8343A326E55B7700C9F789 /* Debug */,
				2F8343A426E55B7700C9F789 /* Release */,
			);
			defaultConfigurationIsVisible = 0;
			defaultConfigurationName = Release;
		};
		2F8343A526E55B7700C9F789 /* Build configuration list for PBXNativeTarget "PreferredContentSizeStudies" */ = {
			isa = XCConfigurationList;
			buildConfigurations = (
				2F8343A626E55B7700C9F789 /* Debug */,
				2F8343A726E55B7700C9F789 /* Release */,
			);
			defaultConfigurationIsVisible = 0;
			defaultConfigurationName = Release;
		};
/* End XCConfigurationList section */

/* Begin XCRemoteSwiftPackageReference section */
		2F1600E926EF73D400B6116A /* XCRemoteSwiftPackageReference "ios-snapshot-test-case" */ = {
			isa = XCRemoteSwiftPackageReference;
			repositoryURL = "https://github.com/uber/ios-snapshot-test-case";
			requirement = {
				kind = upToNextMajorVersion;
				minimumVersion = 7.0.0;
			};
		};
/* End XCRemoteSwiftPackageReference section */

/* Begin XCSwiftPackageProductDependency section */
		2F1600EA26EF73D400B6116A /* FBSnapshotTestCase */ = {
			isa = XCSwiftPackageProductDependency;
			package = 2F1600E926EF73D400B6116A /* XCRemoteSwiftPackageReference "ios-snapshot-test-case" */;
			productName = FBSnapshotTestCase;
		};
/* End XCSwiftPackageProductDependency section */
	};
	rootObject = 2F83438926E55B7300C9F789 /* Project object */;
}
